
Microsoft Visual Studio Solution File, Format Version 12.00
# Visual Studio Version 16
VisualStudioVersion = 16.0.31005.135
MinimumVisualStudioVersion = 10.0.40219.1
Project("{FAE04EC0-301F-11D3-BF4B-00C04F79EFBC}") = "HelloWorld26", "HelloWorld26\HelloWorld26.csproj", "{EF1257EE-A620-4D80-BB96-F4C78E7BA6DE}"
EndProject
Global
	GlobalSection(SolutionConfigurationPlatforms) = preSolution
		Debug|Any CPU = Debug|Any CPU
		Release|Any CPU = Release|Any CPU
	EndGlobalSection
	GlobalSection(ProjectConfigurationPlatforms) = postSolution
		{EF1257EE-A620-4D80-BB96-F4C78E7BA6DE}.Debug|Any CPU.ActiveCfg = Debug|Any CPU
		{EF1257EE-A620-4D80-BB96-F4C78E7BA6DE}.Debug|Any CPU.Build.0 = Debug|Any CPU
		{EF1257EE-A620-4D80-BB96-F4C78E7BA6DE}.Release|Any CPU.ActiveCfg = Release|Any CPU
		{EF1257EE-A620-4D80-BB96-F4C78E7BA6DE}.Release|Any CPU.Build.0 = Release|Any CPU
	EndGlobalSection
	GlobalSection(SolutionProperties) = preSolution
		HideSolutionNode = FALSE
	EndGlobalSection
	GlobalSection(ExtensibilityGlobals) = postSolution
		SolutionGuid = {50700213-E033-4B98-99A6-E2037779F81F}
	EndGlobalSection
EndGlobal
